
Microsoft Visual Studio Solution File, Format Version 12.00
Project("{FAE04EC0-301F-11D3-BF4B-00C04F79EFBC}") = "ExtensionMethods", "ExtensionMethods\ExtensionMethods.csproj", "{84D08C91-2F5F-4E4C-8EF9-F9635D4D367F}"
EndProject
Project("{FAE04EC0-301F-11D3-BF4B-00C04F79EFBC}") = "ExtensionMethods.Tests", "ExtensionMethods.Tests\ExtensionMethods.Tests.csproj", "{FD686FEE-6BC0-4D34-8D1F-D2B91B866D46}"
EndProject
Global
	GlobalSection(SolutionConfigurationPlatforms) = preSolution
		Debug|Any CPU = Debug|Any CPU
		Release|Any CPU = Release|Any CPU
	EndGlobalSection
	GlobalSection(ProjectConfigurationPlatforms) = postSolution
		{84D08C91-2F5F-4E4C-8EF9-F9635D4D367F}.Debug|Any CPU.ActiveCfg = Debug|Any CPU
		{84D08C91-2F5F-4E4C-8EF9-F9635D4D367F}.Debug|Any CPU.Build.0 = Debug|Any CPU
		{84D08C91-2F5F-4E4C-8EF9-F9635D4D367F}.Release|Any CPU.ActiveCfg = Release|Any CPU
		{84D08C91-2F5F-4E4C-8EF9-F9635D4D367F}.Release|Any CPU.Build.0 = Release|Any CPU
		{FD686FEE-6BC0-4D34-8D1F-D2B91B866D46}.Debug|Any CPU.ActiveCfg = Debug|Any CPU
		{FD686FEE-6BC0-4D34-8D1F-D2B91B866D46}.Debug|Any CPU.Build.0 = Debug|Any CPU
		{FD686FEE-6BC0-4D34-8D1F-D2B91B866D46}.Release|Any CPU.ActiveCfg = Release|Any CPU
		{FD686FEE-6BC0-4D34-8D1F-D2B91B866D46}.Release|Any CPU.Build.0 = Release|Any CPU
	EndGlobalSection
EndGlobal
